
Microsoft Visual Studio Solution File, Format Version 12.00
# Visual Studio Version 17
VisualStudioVersion = 17.10.35027.167
MinimumVisualStudioVersion = 10.0.40219.1
Project("{FAE04EC0-301F-11D3-BF4B-00C04F79EFBC}") = "church", "church\church.csproj", "{3A6B59E3-B2CB-4D09-BB70-A5E74EA2449E}"
EndProject
Global
	GlobalSection(SolutionConfigurationPlatforms) = preSolution
		Debug|Any CPU = Debug|Any CPU
		Release|Any CPU = Release|Any CPU
	EndGlobalSection
	GlobalSection(ProjectConfigurationPlatforms) = postSolution
		{3A6B59E3-B2CB-4D09-BB70-A5E74EA2449E}.Debug|Any CPU.ActiveCfg = Debug|Any CPU
		{3A6B59E3-B2CB-4D09-BB70-A5E74EA2449E}.Debug|Any CPU.Build.0 = Debug|Any CPU
		{3A6B59E3-B2CB-4D09-BB70-A5E74EA2449E}.Release|Any CPU.ActiveCfg = Release|Any CPU
		{3A6B59E3-B2CB-4D09-BB70-A5E74EA2449E}.Release|Any CPU.Build.0 = Release|Any CPU
	EndGlobalSection
	GlobalSection(SolutionProperties) = preSolution
		HideSolutionNode = FALSE
	EndGlobalSection
	GlobalSection(ExtensibilityGlobals) = postSolution
		SolutionGuid = {25D221D1-C562-46CB-B4BC-BB1EF6F4FB89}
	EndGlobalSection
EndGlobal
